
Microsoft Visual Studio Solution File, Format Version 12.00
# Visual Studio Version 17
VisualStudioVersion = 17.5.33627.172
MinimumVisualStudioVersion = 10.0.40219.1
Project("{FAE04EC0-301F-11D3-BF4B-00C04F79EFBC}") = "Getting_Startted_with_IPFS", "Getting_Startted_with_IPFS\Getting_Startted_with_IPFS.csproj", "{ED6535A1-2CEF-4DA1-94F3-E5691C351DA7}"
EndProject
Global
	GlobalSection(SolutionConfigurationPlatforms) = preSolution
		Debug|Any CPU = Debug|Any CPU
		Release|Any CPU = Release|Any CPU
	EndGlobalSection
	GlobalSection(ProjectConfigurationPlatforms) = postSolution
		{ED6535A1-2CEF-4DA1-94F3-E5691C351DA7}.Debug|Any CPU.ActiveCfg = Debug|Any CPU
		{ED6535A1-2CEF-4DA1-94F3-E5691C351DA7}.Debug|Any CPU.Build.0 = Debug|Any CPU
		{ED6535A1-2CEF-4DA1-94F3-E5691C351DA7}.Release|Any CPU.ActiveCfg = Release|Any CPU
		{ED6535A1-2CEF-4DA1-94F3-E5691C351DA7}.Release|Any CPU.Build.0 = Release|Any CPU
	EndGlobalSection
	GlobalSection(SolutionProperties) = preSolution
		HideSolutionNode = FALSE
	EndGlobalSection
	GlobalSection(ExtensibilityGlobals) = postSolution
		SolutionGuid = {E679DF07-6246-4C38-B99F-FA3A4EA15B44}
	EndGlobalSection
EndGlobal
